
Microsoft Visual Studio Solution File, Format Version 12.00
# Visual Studio Version 16
VisualStudioVersion = 16.0.35706.149
MinimumVisualStudioVersion = 10.0.40219.1
Project("{FAE04EC0-301F-11D3-BF4B-00C04F79EFBC}") = "WindowsFormsApp7", "WindowsFormsApp7\WindowsFormsApp7.csproj", "{11615395-B843-433D-8C01-FCFB6FAAE5F8}"
EndProject
Global
	GlobalSection(SolutionConfigurationPlatforms) = preSolution
		Debug|Any CPU = Debug|Any CPU
		Release|Any CPU = Release|Any CPU
	EndGlobalSection
	GlobalSection(ProjectConfigurationPlatforms) = postSolution
		{11615395-B843-433D-8C01-FCFB6FAAE5F8}.Debug|Any CPU.ActiveCfg = Debug|Any CPU
		{11615395-B843-433D-8C01-FCFB6FAAE5F8}.Debug|Any CPU.Build.0 = Debug|Any CPU
		{11615395-B843-433D-8C01-FCFB6FAAE5F8}.Release|Any CPU.ActiveCfg = Release|Any CPU
		{11615395-B843-433D-8C01-FCFB6FAAE5F8}.Release|Any CPU.Build.0 = Release|Any CPU
	EndGlobalSection
	GlobalSection(SolutionProperties) = preSolution
		HideSolutionNode = FALSE
	EndGlobalSection
	GlobalSection(ExtensibilityGlobals) = postSolution
		SolutionGuid = {5786CB6D-4CAB-4795-A35D-90B24864995F}
	EndGlobalSection
EndGlobal
