
Microsoft Visual Studio Solution File, Format Version 12.00
# Visual Studio Version 16
VisualStudioVersion = 16.0.35706.149
MinimumVisualStudioVersion = 10.0.40219.1
Project("{FAE04EC0-301F-11D3-BF4B-00C04F79EFBC}") = "molegame", "molegame\molegame.csproj", "{D56A030D-9749-4410-B276-5E2E16F1F122}"
EndProject
Global
	GlobalSection(SolutionConfigurationPlatforms) = preSolution
		Debug|Any CPU = Debug|Any CPU
		Release|Any CPU = Release|Any CPU
	EndGlobalSection
	GlobalSection(ProjectConfigurationPlatforms) = postSolution
		{D56A030D-9749-4410-B276-5E2E16F1F122}.Debug|Any CPU.ActiveCfg = Debug|Any CPU
		{D56A030D-9749-4410-B276-5E2E16F1F122}.Debug|Any CPU.Build.0 = Debug|Any CPU
		{D56A030D-9749-4410-B276-5E2E16F1F122}.Release|Any CPU.ActiveCfg = Release|Any CPU
		{D56A030D-9749-4410-B276-5E2E16F1F122}.Release|Any CPU.Build.0 = Release|Any CPU
	EndGlobalSection
	GlobalSection(SolutionProperties) = preSolution
		HideSolutionNode = FALSE
	EndGlobalSection
	GlobalSection(ExtensibilityGlobals) = postSolution
		SolutionGuid = {336EA486-5256-4AD3-8E0B-E9D4CF4118D5}
	EndGlobalSection
EndGlobal
